
Microsoft Visual Studio Solution File, Format Version 12.00
# Visual Studio Version 16
VisualStudioVersion = 16.0.29806.167
MinimumVisualStudioVersion = 10.0.40219.1
Project("{8BC9CEB8-8B4A-11D0-8D11-00A0C91BC942}") = "Sample01", "Sample01\Sample01.vcxproj", "{0C22CA88-F76D-4ABD-8F89-46F07439CEA5}"
EndProject
Global
	GlobalSection(SolutionConfigurationPlatforms) = preSolution
		Debug|x64 = Debug|x64
		Debug|x86 = Debug|x86
		Release|x64 = Release|x64
		Release|x86 = Release|x86
	EndGlobalSection
	GlobalSection(ProjectConfigurationPlatforms) = postSolution
		{0C22CA88-F76D-4ABD-8F89-46F07439CEA5}.Debug|x64.ActiveCfg = Debug|x64
		{0C22CA88-F76D-4ABD-8F89-46F07439CEA5}.Debug|x64.Build.0 = Debug|x64
		{0C22CA88-F76D-4ABD-8F89-46F07439CEA5}.Debug|x86.ActiveCfg = Debug|Win32
		{0C22CA88-F76D-4ABD-8F89-46F07439CEA5}.Debug|x86.Build.0 = Debug|Win32
		{0C22CA88-F76D-4ABD-8F89-46F07439CEA5}.Release|x64.ActiveCfg = Release|x64
		{0C22CA88-F76D-4ABD-8F89-46F07439CEA5}.Release|x64.Build.0 = Release|x64
		{0C22CA88-F76D-4ABD-8F89-46F07439CEA5}.Release|x86.ActiveCfg = Release|Win32
		{0C22CA88-F76D-4ABD-8F89-46F07439CEA5}.Release|x86.Build.0 = Release|Win32
	EndGlobalSection
	GlobalSection(SolutionProperties) = preSolution
		HideSolutionNode = FALSE
	EndGlobalSection
	GlobalSection(ExtensibilityGlobals) = postSolution
		SolutionGuid = {D855A302-7B79-472F-B6FC-D11AC5CC30E8}
	EndGlobalSection
EndGlobal
