
Microsoft Visual Studio Solution File, Format Version 12.00
# Visual Studio Version 16
VisualStudioVersion = 16.0.29806.167
MinimumVisualStudioVersion = 10.0.40219.1
Project("{8BC9CEB8-8B4A-11D0-8D11-00A0C91BC942}") = "Practice", "Practice\Practice.vcxproj", "{E676D7DB-16A8-4552-8A22-8BB01437682B}"
EndProject
Global
	GlobalSection(SolutionConfigurationPlatforms) = preSolution
		Debug|x64 = Debug|x64
		Debug|x86 = Debug|x86
		Release|x64 = Release|x64
		Release|x86 = Release|x86
	EndGlobalSection
	GlobalSection(ProjectConfigurationPlatforms) = postSolution
		{E676D7DB-16A8-4552-8A22-8BB01437682B}.Debug|x64.ActiveCfg = Debug|x64
		{E676D7DB-16A8-4552-8A22-8BB01437682B}.Debug|x64.Build.0 = Debug|x64
		{E676D7DB-16A8-4552-8A22-8BB01437682B}.Debug|x86.ActiveCfg = Debug|Win32
		{E676D7DB-16A8-4552-8A22-8BB01437682B}.Debug|x86.Build.0 = Debug|Win32
		{E676D7DB-16A8-4552-8A22-8BB01437682B}.Release|x64.ActiveCfg = Release|x64
		{E676D7DB-16A8-4552-8A22-8BB01437682B}.Release|x64.Build.0 = Release|x64
		{E676D7DB-16A8-4552-8A22-8BB01437682B}.Release|x86.ActiveCfg = Release|Win32
		{E676D7DB-16A8-4552-8A22-8BB01437682B}.Release|x86.Build.0 = Release|Win32
	EndGlobalSection
	GlobalSection(SolutionProperties) = preSolution
		HideSolutionNode = FALSE
	EndGlobalSection
	GlobalSection(ExtensibilityGlobals) = postSolution
		SolutionGuid = {7E46E00D-7DB5-4AD0-A441-1506EC8E561A}
	EndGlobalSection
EndGlobal
